
Microsoft Visual Studio Solution File, Format Version 12.00
# Visual Studio Version 17
VisualStudioVersion = 17.9.34622.214
MinimumVisualStudioVersion = 10.0.40219.1
Project("{FAE04EC0-301F-11D3-BF4B-00C04F79EFBC}") = "GraphQL101HotChocolate", "GraphQL101HotChocolate.csproj", "{5144900C-DFD7-432F-A9A2-9D15C69A1B6D}"
EndProject
Global
	GlobalSection(SolutionConfigurationPlatforms) = preSolution
		Debug|Any CPU = Debug|Any CPU
		Release|Any CPU = Release|Any CPU
	EndGlobalSection
	GlobalSection(ProjectConfigurationPlatforms) = postSolution
		{5144900C-DFD7-432F-A9A2-9D15C69A1B6D}.Debug|Any CPU.ActiveCfg = Debug|Any CPU
		{5144900C-DFD7-432F-A9A2-9D15C69A1B6D}.Debug|Any CPU.Build.0 = Debug|Any CPU
		{5144900C-DFD7-432F-A9A2-9D15C69A1B6D}.Release|Any CPU.ActiveCfg = Release|Any CPU
		{5144900C-DFD7-432F-A9A2-9D15C69A1B6D}.Release|Any CPU.Build.0 = Release|Any CPU
	EndGlobalSection
	GlobalSection(SolutionProperties) = preSolution
		HideSolutionNode = FALSE
	EndGlobalSection
	GlobalSection(ExtensibilityGlobals) = postSolution
		SolutionGuid = {0B1D170C-F189-4FD2-99B5-D4C59A363E7F}
	EndGlobalSection
EndGlobal
